
Microsoft Visual Studio Solution File, Format Version 12.00
# Visual Studio 15
VisualStudioVersion = 15.0.28010.2016
MinimumVisualStudioVersion = 10.0.40219.1
Project("{FAE04EC0-301F-11D3-BF4B-00C04F79EFBC}") = "CollapseRegionExtension", "CollapseRegionExtension\CollapseRegionExtension.csproj", "{951F86CB-5978-4167-9489-CF0AA0F47776}"
EndProject
Global
	GlobalSection(SolutionConfigurationPlatforms) = preSolution
		Debug|Any CPU = Debug|Any CPU
		Release|Any CPU = Release|Any CPU
	EndGlobalSection
	GlobalSection(ProjectConfigurationPlatforms) = postSolution
		{951F86CB-5978-4167-9489-CF0AA0F47776}.Debug|Any CPU.ActiveCfg = Debug|Any CPU
		{951F86CB-5978-4167-9489-CF0AA0F47776}.Debug|Any CPU.Build.0 = Debug|Any CPU
		{951F86CB-5978-4167-9489-CF0AA0F47776}.Release|Any CPU.ActiveCfg = Release|Any CPU
		{951F86CB-5978-4167-9489-CF0AA0F47776}.Release|Any CPU.Build.0 = Release|Any CPU
	EndGlobalSection
	GlobalSection(SolutionProperties) = preSolution
		HideSolutionNode = FALSE
	EndGlobalSection
	GlobalSection(ExtensibilityGlobals) = postSolution
		SolutionGuid = {49128312-AF11-42F9-B642-5C594659EDC9}
	EndGlobalSection
EndGlobal
